
Microsoft Visual Studio Solution File, Format Version 12.00
# Visual Studio Version 16
VisualStudioVersion = 16.0.29326.143
MinimumVisualStudioVersion = 10.0.40219.1
Project("{FAE04EC0-301F-11D3-BF4B-00C04F79EFBC}") = "IslandToObj", "IslandToObj\IslandToObj.csproj", "{095C0CA8-FE54-40DF-8003-B93E84F804FB}"
EndProject
Global
	GlobalSection(SolutionConfigurationPlatforms) = preSolution
		Debug|Any CPU = Debug|Any CPU
		Release|Any CPU = Release|Any CPU
	EndGlobalSection
	GlobalSection(ProjectConfigurationPlatforms) = postSolution
		{095C0CA8-FE54-40DF-8003-B93E84F804FB}.Debug|Any CPU.ActiveCfg = Debug|Any CPU
		{095C0CA8-FE54-40DF-8003-B93E84F804FB}.Debug|Any CPU.Build.0 = Debug|Any CPU
		{095C0CA8-FE54-40DF-8003-B93E84F804FB}.Release|Any CPU.ActiveCfg = Release|Any CPU
		{095C0CA8-FE54-40DF-8003-B93E84F804FB}.Release|Any CPU.Build.0 = Release|Any CPU
	EndGlobalSection
	GlobalSection(SolutionProperties) = preSolution
		HideSolutionNode = FALSE
	EndGlobalSection
	GlobalSection(ExtensibilityGlobals) = postSolution
		SolutionGuid = {5791FAB6-2394-4643-93D9-1FE0391D953A}
	EndGlobalSection
EndGlobal
